// !$*UTF8*$!
{
	archiveVersion = 1;
	classes = {
	};
	objectVersion = 50;
	objects = {

/* Begin PBXBuildFile section */
		086E2A8025D6D0CB00F36A7A /* Alert.swift in Sources */ = {isa = PBXBuildFile; fileRef = 086E2A7F25D6D0CB00F36A7A /* Alert.swift */; };
		086E2A8325D72E1800F36A7A /* StudentLocation.swift in Sources */ = {isa = PBXBuildFile; fileRef = 086E2A8225D72E1800F36A7A /* StudentLocation.swift */; };
		086E2A8725D7337B00F36A7A /* StudentModel.swift in Sources */ = {isa = PBXBuildFile; fileRef = 086E2A8625D7337B00F36A7A /* StudentModel.swift */; };
		086E2A8B25D73AAD00F36A7A /* LocationResults.swift in Sources */ = {isa = PBXBuildFile; fileRef = 086E2A8A25D73AAD00F36A7A /* LocationResults.swift */; };
		0870A5C925D41D6B00ADC81C /* AppDelegate.swift in Sources */ = {isa = PBXBuildFile; fileRef = 0870A5C825D41D6B00ADC81C /* AppDelegate.swift */; };
		0870A5CB25D41D6B00ADC81C /* SceneDelegate.swift in Sources */ = {isa = PBXBuildFile; fileRef = 0870A5CA25D41D6B00ADC81C /* SceneDelegate.swift */; };
		0870A5CD25D41D6B00ADC81C /* LoginVC.swift in Sources */ = {isa = PBXBuildFile; fileRef = 0870A5CC25D41D6B00ADC81C /* LoginVC.swift */; };
		0870A5D025D41D6B00ADC81C /* Main.storyboard in Resources */ = {isa = PBXBuildFile; fileRef = 0870A5CE25D41D6B00ADC81C /* Main.storyboard */; };
		0870A5D225D41D6F00ADC81C /* Assets.xcassets in Resources */ = {isa = PBXBuildFile; fileRef = 0870A5D125D41D6F00ADC81C /* Assets.xcassets */; };
		0870A5D525D41D6F00ADC81C /* LaunchScreen.storyboard in Resources */ = {isa = PBXBuildFile; fileRef = 0870A5D325D41D6F00ADC81C /* LaunchScreen.storyboard */; };
		0870A5E825D476D100ADC81C /* CustomButton.swift in Sources */ = {isa = PBXBuildFile; fileRef = 0870A5E725D476D100ADC81C /* CustomButton.swift */; };
		0870A5EB25D479D700ADC81C /* ColorPalette.swift in Sources */ = {isa = PBXBuildFile; fileRef = 0870A5EA25D479D700ADC81C /* ColorPalette.swift */; };
		0870A5F125D4806200ADC81C /* klavika-bold.otf in Resources */ = {isa = PBXBuildFile; fileRef = 0870A5F025D4806200ADC81C /* klavika-bold.otf */; };
		087574EF25D876D1001E3831 /* StudentViewCell.swift in Sources */ = {isa = PBXBuildFile; fileRef = 087574EE25D876D1001E3831 /* StudentViewCell.swift */; };
		0879518725DEA3D600C9081C /* BaseViewController.swift in Sources */ = {isa = PBXBuildFile; fileRef = 0879518625DEA3D600C9081C /* BaseViewController.swift */; };
		0879518C25DF290000C9081C /* LocationVC.swift in Sources */ = {isa = PBXBuildFile; fileRef = 0879518B25DF28FF00C9081C /* LocationVC.swift */; };
		0879519025DFD79F00C9081C /* User.swift in Sources */ = {isa = PBXBuildFile; fileRef = 0879518F25DFD79F00C9081C /* User.swift */; };
		0879519325E014B100C9081C /* UserLocation.swift in Sources */ = {isa = PBXBuildFile; fileRef = 0879519225E014B000C9081C /* UserLocation.swift */; };
		0879519625E0199E00C9081C /* POSTResponse.swift in Sources */ = {isa = PBXBuildFile; fileRef = 0879519525E0199E00C9081C /* POSTResponse.swift */; };
		08964E0525E54A90009743AC /* UserPinData.swift in Sources */ = {isa = PBXBuildFile; fileRef = 08964E0425E54A90009743AC /* UserPinData.swift */; };
		08E8D98525E9A01100387A9B /* FormTFDelegate.swift in Sources */ = {isa = PBXBuildFile; fileRef = 08E8D98425E9A01100387A9B /* FormTFDelegate.swift */; };
		08E8D98825EA88BF00387A9B /* OcclusionExtension.swift in Sources */ = {isa = PBXBuildFile; fileRef = 08E8D98725EA88BF00387A9B /* OcclusionExtension.swift */; };
		08E8D98D25EBDE9800387A9B /* String.swift in Sources */ = {isa = PBXBuildFile; fileRef = 08E8D98C25EBDE9800387A9B /* String.swift */; };
		08F4305E25D5C599009B5D8A /* TableVC.swift in Sources */ = {isa = PBXBuildFile; fileRef = 08F4305D25D5C599009B5D8A /* TableVC.swift */; };
		08F4306125D5C5AC009B5D8A /* MapVC.swift in Sources */ = {isa = PBXBuildFile; fileRef = 08F4306025D5C5AC009B5D8A /* MapVC.swift */; };
		08F4306425D5C5D3009B5D8A /* InfoPostingVC.swift in Sources */ = {isa = PBXBuildFile; fileRef = 08F4306325D5C5D3009B5D8A /* InfoPostingVC.swift */; };
		08F4306725D5CB4E009B5D8A /* NetworkClient.swift in Sources */ = {isa = PBXBuildFile; fileRef = 08F4306625D5CB4E009B5D8A /* NetworkClient.swift */; };
		08F4306C25D5D180009B5D8A /* LoginRequest.swift in Sources */ = {isa = PBXBuildFile; fileRef = 08F4306B25D5D180009B5D8A /* LoginRequest.swift */; };
		08F4307025D5E22C009B5D8A /* ErrorTypes.swift in Sources */ = {isa = PBXBuildFile; fileRef = 08F4306F25D5E22C009B5D8A /* ErrorTypes.swift */; };
		08F4307525D5E633009B5D8A /* SessionResponse.swift in Sources */ = {isa = PBXBuildFile; fileRef = 08F4307425D5E633009B5D8A /* SessionResponse.swift */; };
/* End PBXBuildFile section */

/* Begin PBXFileReference section */
		086E2A7F25D6D0CB00F36A7A /* Alert.swift */ = {isa = PBXFileReference; lastKnownFileType = sourcecode.swift; path = Alert.swift; sourceTree = "<group>"; };
		086E2A8225D72E1800F36A7A /* StudentLocation.swift */ = {isa = PBXFileReference; lastKnownFileType = sourcecode.swift; path = StudentLocation.swift; sourceTree = "<group>"; };
		086E2A8625D7337B00F36A7A /* StudentModel.swift */ = {isa = PBXFileReference; lastKnownFileType = sourcecode.swift; path = StudentModel.swift; sourceTree = "<group>"; };
		086E2A8A25D73AAD00F36A7A /* LocationResults.swift */ = {isa = PBXFileReference; lastKnownFileType = sourcecode.swift; path = LocationResults.swift; sourceTree = "<group>"; };
		0870A5C525D41D6B00ADC81C /* OnTheMap.app */ = {isa = PBXFileReference; explicitFileType = wrapper.application; includeInIndex = 0; path = OnTheMap.app; sourceTree = BUILT_PRODUCTS_DIR; };
		0870A5C825D41D6B00ADC81C /* AppDelegate.swift */ = {isa = PBXFileReference; lastKnownFileType = sourcecode.swift; path = AppDelegate.swift; sourceTree = "<group>"; };
		0870A5CA25D41D6B00ADC81C /* SceneDelegate.swift */ = {isa = PBXFileReference; lastKnownFileType = sourcecode.swift; path = SceneDelegate.swift; sourceTree = "<group>"; };
		0870A5CC25D41D6B00ADC81C /* LoginVC.swift */ = {isa = PBXFileReference; lastKnownFileType = sourcecode.swift; path = LoginVC.swift; sourceTree = "<group>"; };
		0870A5CF25D41D6B00ADC81C /* Base */ = {isa = PBXFileReference; lastKnownFileType = file.storyboard; name = Base; path = Base.lproj/Main.storyboard; sourceTree = "<group>"; };
		0870A5D125D41D6F00ADC81C /* Assets.xcassets */ = {isa = PBXFileReference; lastKnownFileType = folder.assetcatalog; path = Assets.xcassets; sourceTree = "<group>"; };
		0870A5D425D41D6F00ADC81C /* Base */ = {isa = PBXFileReference; lastKnownFileType = file.storyboard; name = Base; path = Base.lproj/LaunchScreen.storyboard; sourceTree = "<group>"; };
		0870A5D625D41D6F00ADC81C /* Info.plist */ = {isa = PBXFileReference; lastKnownFileType = text.plist.xml; path = Info.plist; sourceTree = "<group>"; };
		0870A5E725D476D100ADC81C /* CustomButton.swift */ = {isa = PBXFileReference; lastKnownFileType = sourcecode.swift; path = CustomButton.swift; sourceTree = "<group>"; };
		0870A5EA25D479D700ADC81C /* ColorPalette.swift */ = {isa = PBXFileReference; lastKnownFileType = sourcecode.swift; path = ColorPalette.swift; sourceTree = "<group>"; };
		0870A5F025D4806200ADC81C /* klavika-bold.otf */ = {isa = PBXFileReference; lastKnownFileType = file; path = "klavika-bold.otf"; sourceTree = "<group>"; };
		087574EE25D876D1001E3831 /* StudentViewCell.swift */ = {isa = PBXFileReference; lastKnownFileType = sourcecode.swift; path = StudentViewCell.swift; sourceTree = "<group>"; };
		0879518625DEA3D600C9081C /* BaseViewController.swift */ = {isa = PBXFileReference; lastKnownFileType = sourcecode.swift; path = BaseViewController.swift; sourceTree = "<group>"; };
		0879518B25DF28FF00C9081C /* LocationVC.swift */ = {isa = PBXFileReference; lastKnownFileType = sourcecode.swift; path = LocationVC.swift; sourceTree = "<group>"; };
		0879518F25DFD79F00C9081C /* User.swift */ = {isa = PBXFileReference; lastKnownFileType = sourcecode.swift; path = User.swift; sourceTree = "<group>"; };
		0879519225E014B000C9081C /* UserLocation.swift */ = {isa = PBXFileReference; lastKnownFileType = sourcecode.swift; path = UserLocation.swift; sourceTree = "<group>"; };
		0879519525E0199E00C9081C /* POSTResponse.swift */ = {isa = PBXFileReference; lastKnownFileType = sourcecode.swift; path = POSTResponse.swift; sourceTree = "<group>"; };
		08964E0425E54A90009743AC /* UserPinData.swift */ = {isa = PBXFileReference; lastKnownFileType = sourcecode.swift; path = UserPinData.swift; sourceTree = "<group>"; };
		08E8D98425E9A01100387A9B /* FormTFDelegate.swift */ = {isa = PBXFileReference; lastKnownFileType = sourcecode.swift; path = FormTFDelegate.swift; sourceTree = "<group>"; };
		08E8D98725EA88BF00387A9B /* OcclusionExtension.swift */ = {isa = PBXFileReference; lastKnownFileType = sourcecode.swift; path = OcclusionExtension.swift; sourceTree = "<group>"; };
		08E8D98C25EBDE9800387A9B /* String.swift */ = {isa = PBXFileReference; lastKnownFileType = sourcecode.swift; path = String.swift; sourceTree = "<group>"; };
		08F4305D25D5C599009B5D8A /* TableVC.swift */ = {isa = PBXFileReference; lastKnownFileType = sourcecode.swift; path = TableVC.swift; sourceTree = "<group>"; };
		08F4306025D5C5AC009B5D8A /* MapVC.swift */ = {isa = PBXFileReference; lastKnownFileType = sourcecode.swift; path = MapVC.swift; sourceTree = "<group>"; };
		08F4306325D5C5D3009B5D8A /* InfoPostingVC.swift */ = {isa = PBXFileReference; lastKnownFileType = sourcecode.swift; path = InfoPostingVC.swift; sourceTree = "<group>"; };
		08F4306625D5CB4E009B5D8A /* NetworkClient.swift */ = {isa = PBXFileReference; lastKnownFileType = sourcecode.swift; path = NetworkClient.swift; sourceTree = "<group>"; };
		08F4306B25D5D180009B5D8A /* LoginRequest.swift */ = {isa = PBXFileReference; lastKnownFileType = sourcecode.swift; path = LoginRequest.swift; sourceTree = "<group>"; };
		08F4306F25D5E22C009B5D8A /* ErrorTypes.swift */ = {isa = PBXFileReference; lastKnownFileType = sourcecode.swift; path = ErrorTypes.swift; sourceTree = "<group>"; };
		08F4307425D5E633009B5D8A /* SessionResponse.swift */ = {isa = PBXFileReference; lastKnownFileType = sourcecode.swift; path = SessionResponse.swift; sourceTree = "<group>"; };
/* End PBXFileReference section */

/* Begin PBXFrameworksBuildPhase section */
		0870A5C225D41D6B00ADC81C /* Frameworks */ = {
			isa = PBXFrameworksBuildPhase;
			buildActionMask = 2147483647;
			files = (
			);
			runOnlyForDeploymentPostprocessing = 0;
		};
/* End PBXFrameworksBuildPhase section */

/* Begin PBXGroup section */
		086E2A7E25D6D0B700F36A7A /* Alert */ = {
			isa = PBXGroup;
			children = (
				086E2A7F25D6D0CB00F36A7A /* Alert.swift */,
			);
			path = Alert;
			sourceTree = "<group>";
		};
		0870A5BC25D41D6B00ADC81C = {
			isa = PBXGroup;
			children = (
				0870A5C725D41D6B00ADC81C /* OnTheMap */,
				0870A5C625D41D6B00ADC81C /* Products */,
			);
			sourceTree = "<group>";
		};
		0870A5C625D41D6B00ADC81C /* Products */ = {
			isa = PBXGroup;
			children = (
				0870A5C525D41D6B00ADC81C /* OnTheMap.app */,
			);
			name = Products;
			sourceTree = "<group>";
		};
		0870A5C725D41D6B00ADC81C /* OnTheMap */ = {
			isa = PBXGroup;
			children = (
				086E2A7E25D6D0B700F36A7A /* Alert */,
				0870A5ED25D479DE00ADC81C /* Constants */,
				08E8D98325E99FE200387A9B /* Delegate */,
				0870A5D625D41D6F00ADC81C /* Info.plist */,
				0870A5C825D41D6B00ADC81C /* AppDelegate.swift */,
				0870A5CA25D41D6B00ADC81C /* SceneDelegate.swift */,
				08E8D98B25EBDE7F00387A9B /* Extension */,
				0870A5E025D41D9400ADC81C /* Model */,
				0870A5DD25D41D7D00ADC81C /* View */,
				0870A5E125D41DA100ADC81C /* Controller */,
				0870A5E325D41EA400ADC81C /* Data */,
				0870A5E225D41DAA00ADC81C /* Assets */,
			);
			path = OnTheMap;
			sourceTree = "<group>";
		};
		0870A5DD25D41D7D00ADC81C /* View */ = {
			isa = PBXGroup;
			children = (
				0870A5E725D476D100ADC81C /* CustomButton.swift */,
				087574EE25D876D1001E3831 /* StudentViewCell.swift */,
			);
			path = View;
			sourceTree = "<group>";
		};
		0870A5E025D41D9400ADC81C /* Model */ = {
			isa = PBXGroup;
			children = (
				0870A5E425D41EAB00ADC81C /* Networking */,
			);
			path = Model;
			sourceTree = "<group>";
		};
		0870A5E125D41DA100ADC81C /* Controller */ = {
			isa = PBXGroup;
			children = (
				0870A5CC25D41D6B00ADC81C /* LoginVC.swift */,
				08F4306025D5C5AC009B5D8A /* MapVC.swift */,
				08F4305D25D5C599009B5D8A /* TableVC.swift */,
				08F4306325D5C5D3009B5D8A /* InfoPostingVC.swift */,
				0879518B25DF28FF00C9081C /* LocationVC.swift */,
				0879518625DEA3D600C9081C /* BaseViewController.swift */,
			);
			path = Controller;
			sourceTree = "<group>";
		};
		0870A5E225D41DAA00ADC81C /* Assets */ = {
			isa = PBXGroup;
			children = (
				0870A5EF25D4803500ADC81C /* Fonts */,
				0870A5D325D41D6F00ADC81C /* LaunchScreen.storyboard */,
				0870A5D125D41D6F00ADC81C /* Assets.xcassets */,
				0870A5CE25D41D6B00ADC81C /* Main.storyboard */,
			);
			path = Assets;
			sourceTree = "<group>";
		};
		0870A5E325D41EA400ADC81C /* Data */ = {
			isa = PBXGroup;
			children = (
				086E2A8625D7337B00F36A7A /* StudentModel.swift */,
			);
			path = Data;
			sourceTree = "<group>";
		};
		0870A5E425D41EAB00ADC81C /* Networking */ = {
			isa = PBXGroup;
			children = (
				08F4306E25D5E216009B5D8A /* ErrorTypes */,
				08F4306925D5D129009B5D8A /* Client */,
				08F4307325D5E61B009B5D8A /* Response */,
				08F4306A25D5D137009B5D8A /* Request */,
			);
			path = Networking;
			sourceTree = "<group>";
		};
		0870A5ED25D479DE00ADC81C /* Constants */ = {
			isa = PBXGroup;
			children = (
				0870A5EA25D479D700ADC81C /* ColorPalette.swift */,
			);
			path = Constants;
			sourceTree = "<group>";
		};
		0870A5EF25D4803500ADC81C /* Fonts */ = {
			isa = PBXGroup;
			children = (
				0870A5F025D4806200ADC81C /* klavika-bold.otf */,
			);
			path = Fonts;
			sourceTree = "<group>";
		};
		08E8D98325E99FE200387A9B /* Delegate */ = {
			isa = PBXGroup;
			children = (
				08E8D98425E9A01100387A9B /* FormTFDelegate.swift */,
				08E8D98725EA88BF00387A9B /* OcclusionExtension.swift */,
			);
			name = Delegate;
			path = Constants/Delegate;
			sourceTree = "<group>";
		};
		08E8D98B25EBDE7F00387A9B /* Extension */ = {
			isa = PBXGroup;
			children = (
				08E8D98C25EBDE9800387A9B /* String.swift */,
			);
			path = Extension;
			sourceTree = "<group>";
		};
		08F4306925D5D129009B5D8A /* Client */ = {
			isa = PBXGroup;
			children = (
				08F4306625D5CB4E009B5D8A /* NetworkClient.swift */,
			);
			path = Client;
			sourceTree = "<group>";
		};
		08F4306A25D5D137009B5D8A /* Request */ = {
			isa = PBXGroup;
			children = (
				08F4306B25D5D180009B5D8A /* LoginRequest.swift */,
				0879519225E014B000C9081C /* UserLocation.swift */,
				08964E0425E54A90009743AC /* UserPinData.swift */,
			);
			path = Request;
			sourceTree = "<group>";
		};
		08F4306E25D5E216009B5D8A /* ErrorTypes */ = {
			isa = PBXGroup;
			children = (
				08F4306F25D5E22C009B5D8A /* ErrorTypes.swift */,
			);
			path = ErrorTypes;
			sourceTree = "<group>";
		};
		08F4307325D5E61B009B5D8A /* Response */ = {
			isa = PBXGroup;
			children = (
				08F4307425D5E633009B5D8A /* SessionResponse.swift */,
				086E2A8225D72E1800F36A7A /* StudentLocation.swift */,
				086E2A8A25D73AAD00F36A7A /* LocationResults.swift */,
				0879518F25DFD79F00C9081C /* User.swift */,
				0879519525E0199E00C9081C /* POSTResponse.swift */,
			);
			path = Response;
			sourceTree = "<group>";
		};
/* End PBXGroup section */

/* Begin PBXNativeTarget section */
		0870A5C425D41D6B00ADC81C /* OnTheMap */ = {
			isa = PBXNativeTarget;
			buildConfigurationList = 0870A5D925D41D6F00ADC81C /* Build configuration list for PBXNativeTarget "OnTheMap" */;
			buildPhases = (
				0870A5C125D41D6B00ADC81C /* Sources */,
				0870A5C225D41D6B00ADC81C /* Frameworks */,
				0870A5C325D41D6B00ADC81C /* Resources */,
			);
			buildRules = (
			);
			dependencies = (
			);
			name = OnTheMap;
			productName = OnTheMap;
			productReference = 0870A5C525D41D6B00ADC81C /* OnTheMap.app */;
			productType = "com.apple.product-type.application";
		};
/* End PBXNativeTarget section */

/* Begin PBXProject section */
		0870A5BD25D41D6B00ADC81C /* Project object */ = {
			isa = PBXProject;
			attributes = {
				LastSwiftUpdateCheck = 1240;
				LastUpgradeCheck = 1240;
				TargetAttributes = {
					0870A5C425D41D6B00ADC81C = {
						CreatedOnToolsVersion = 12.4;
					};
				};
			};
			buildConfigurationList = 0870A5C025D41D6B00ADC81C /* Build configuration list for PBXProject "OnTheMap" */;
			compatibilityVersion = "Xcode 9.3";
			developmentRegion = en;
			hasScannedForEncodings = 0;
			knownRegions = (
				en,
				Base,
			);
			mainGroup = 0870A5BC25D41D6B00ADC81C;
			productRefGroup = 0870A5C625D41D6B00ADC81C /* Products */;
			projectDirPath = "";
			projectRoot = "";
			targets = (
				0870A5C425D41D6B00ADC81C /* OnTheMap */,
			);
		};
/* End PBXProject section */

/* Begin PBXResourcesBuildPhase section */
		0870A5C325D41D6B00ADC81C /* Resources */ = {
			isa = PBXResourcesBuildPhase;
			buildActionMask = 2147483647;
			files = (
				0870A5F125D4806200ADC81C /* klavika-bold.otf in Resources */,
				0870A5D525D41D6F00ADC81C /* LaunchScreen.storyboard in Resources */,
				0870A5D225D41D6F00ADC81C /* Assets.xcassets in Resources */,
				0870A5D025D41D6B00ADC81C /* Main.storyboard in Resources */,
			);
			runOnlyForDeploymentPostprocessing = 0;
		};
/* End PBXResourcesBuildPhase section */

/* Begin PBXSourcesBuildPhase section */
		0870A5C125D41D6B00ADC81C /* Sources */ = {
			isa = PBXSourcesBuildPhase;
			buildActionMask = 2147483647;
			files = (
				0879519625E0199E00C9081C /* POSTResponse.swift in Sources */,
				0870A5EB25D479D700ADC81C /* ColorPalette.swift in Sources */,
				0879518C25DF290000C9081C /* LocationVC.swift in Sources */,
				08F4307025D5E22C009B5D8A /* ErrorTypes.swift in Sources */,
				086E2A8325D72E1800F36A7A /* StudentLocation.swift in Sources */,
				0870A5CD25D41D6B00ADC81C /* LoginVC.swift in Sources */,
				0870A5E825D476D100ADC81C /* CustomButton.swift in Sources */,
				08F4306C25D5D180009B5D8A /* LoginRequest.swift in Sources */,
				086E2A8025D6D0CB00F36A7A /* Alert.swift in Sources */,
				08F4305E25D5C599009B5D8A /* TableVC.swift in Sources */,
				0879518725DEA3D600C9081C /* BaseViewController.swift in Sources */,
				08964E0525E54A90009743AC /* UserPinData.swift in Sources */,
				08F4306125D5C5AC009B5D8A /* MapVC.swift in Sources */,
				0870A5C925D41D6B00ADC81C /* AppDelegate.swift in Sources */,
				08E8D98D25EBDE9800387A9B /* String.swift in Sources */,
				087574EF25D876D1001E3831 /* StudentViewCell.swift in Sources */,
				08E8D98825EA88BF00387A9B /* OcclusionExtension.swift in Sources */,
				0870A5CB25D41D6B00ADC81C /* SceneDelegate.swift in Sources */,
				08E8D98525E9A01100387A9B /* FormTFDelegate.swift in Sources */,
				086E2A8B25D73AAD00F36A7A /* LocationResults.swift in Sources */,
				08F4306425D5C5D3009B5D8A /* InfoPostingVC.swift in Sources */,
				0879519325E014B100C9081C /* UserLocation.swift in Sources */,
				08F4306725D5CB4E009B5D8A /* NetworkClient.swift in Sources */,
				086E2A8725D7337B00F36A7A /* StudentModel.swift in Sources */,
				08F4307525D5E633009B5D8A /* SessionResponse.swift in Sources */,
				0879519025DFD79F00C9081C /* User.swift in Sources */,
			);
			runOnlyForDeploymentPostprocessing = 0;
		};
/* End PBXSourcesBuildPhase section */

/* Begin PBXVariantGroup section */
		0870A5CE25D41D6B00ADC81C /* Main.storyboard */ = {
			isa = PBXVariantGroup;
			children = (
				0870A5CF25D41D6B00ADC81C /* Base */,
			);
			name = Main.storyboard;
			sourceTree = "<group>";
		};
		0870A5D325D41D6F00ADC81C /* LaunchScreen.storyboard */ = {
			isa = PBXVariantGroup;
			children = (
				0870A5D425D41D6F00ADC81C /* Base */,
			);
			name = LaunchScreen.storyboard;
			sourceTree = "<group>";
		};
/* End PBXVariantGroup section */

/* Begin XCBuildConfiguration section */
		0870A5D725D41D6F00ADC81C /* Debug */ = {
			isa = XCBuildConfiguration;
			buildSettings = {
				ALWAYS_SEARCH_USER_PATHS = NO;
				CLANG_ANALYZER_NONNULL = YES;
				CLANG_ANALYZER_NUMBER_OBJECT_CONVERSION = YES_AGGRESSIVE;
				CLANG_CXX_LANGUAGE_STANDARD = "gnu++14";
				CLANG_CXX_LIBRARY = "libc++";
				CLANG_ENABLE_MODULES = YES;
				CLANG_ENABLE_OBJC_ARC = YES;
				CLANG_ENABLE_OBJC_WEAK = YES;
				CLANG_WARN_BLOCK_CAPTURE_AUTORELEASING = YES;
				CLANG_WARN_BOOL_CONVERSION = YES;
				CLANG_WARN_COMMA = YES;
				CLANG_WARN_CONSTANT_CONVERSION = YES;
				CLANG_WARN_DEPRECATED_OBJC_IMPLEMENTATIONS = YES;
				CLANG_WARN_DIRECT_OBJC_ISA_USAGE = YES_ERROR;
				CLANG_WARN_DOCUMENTATION_COMMENTS = YES;
				CLANG_WARN_EMPTY_BODY = YES;
				CLANG_WARN_ENUM_CONVERSION = YES;
				CLANG_WARN_INFINITE_RECURSION = YES;
				CLANG_WARN_INT_CONVERSION = YES;
				CLANG_WARN_NON_LITERAL_NULL_CONVERSION = YES;
				CLANG_WARN_OBJC_IMPLICIT_RETAIN_SELF = YES;
				CLANG_WARN_OBJC_LITERAL_CONVERSION = YES;
				CLANG_WARN_OBJC_ROOT_CLASS = YES_ERROR;
				CLANG_WARN_QUOTED_INCLUDE_IN_FRAMEWORK_HEADER = YES;
				CLANG_WARN_RANGE_LOOP_ANALYSIS = YES;
				CLANG_WARN_STRICT_PROTOTYPES = YES;
				CLANG_WARN_SUSPICIOUS_MOVE = YES;
				CLANG_WARN_UNGUARDED_AVAILABILITY = YES_AGGRESSIVE;
				CLANG_WARN_UNREACHABLE_CODE = YES;
				CLANG_WARN__DUPLICATE_METHOD_MATCH = YES;
				COPY_PHASE_STRIP = NO;
				DEBUG_INFORMATION_FORMAT = dwarf;
				ENABLE_STRICT_OBJC_MSGSEND = YES;
				ENABLE_TESTABILITY = YES;
				GCC_C_LANGUAGE_STANDARD = gnu11;
				GCC_DYNAMIC_NO_PIC = NO;
				GCC_NO_COMMON_BLOCKS = YES;
				GCC_OPTIMIZATION_LEVEL = 0;
				GCC_PREPROCESSOR_DEFINITIONS = (
					"DEBUG=1",
					"$(inherited)",
				);
				GCC_WARN_64_TO_32_BIT_CONVERSION = YES;
				GCC_WARN_ABOUT_RETURN_TYPE = YES_ERROR;
				GCC_WARN_UNDECLARED_SELECTOR = YES;
				GCC_WARN_UNINITIALIZED_AUTOS = YES_AGGRESSIVE;
				GCC_WARN_UNUSED_FUNCTION = YES;
				GCC_WARN_UNUSED_VARIABLE = YES;
				IPHONEOS_DEPLOYMENT_TARGET = 14.4;
				MTL_ENABLE_DEBUG_INFO = INCLUDE_SOURCE;
				MTL_FAST_MATH = YES;
				ONLY_ACTIVE_ARCH = YES;
				SDKROOT = iphoneos;
				SWIFT_ACTIVE_COMPILATION_CONDITIONS = DEBUG;
				SWIFT_OPTIMIZATION_LEVEL = "-Onone";
			};
			name = Debug;
		};
		0870A5D825D41D6F00ADC81C /* Release */ = {
			isa = XCBuildConfiguration;
			buildSettings = {
				ALWAYS_SEARCH_USER_PATHS = NO;
				CLANG_ANALYZER_NONNULL = YES;
				CLANG_ANALYZER_NUMBER_OBJECT_CONVERSION = YES_AGGRESSIVE;
				CLANG_CXX_LANGUAGE_STANDARD = "gnu++14";
				CLANG_CXX_LIBRARY = "libc++";
				CLANG_ENABLE_MODULES = YES;
				CLANG_ENABLE_OBJC_ARC = YES;
				CLANG_ENABLE_OBJC_WEAK = YES;
				CLANG_WARN_BLOCK_CAPTURE_AUTORELEASING = YES;
				CLANG_WARN_BOOL_CONVERSION = YES;
				CLANG_WARN_COMMA = YES;
				CLANG_WARN_CONSTANT_CONVERSION = YES;
				CLANG_WARN_DEPRECATED_OBJC_IMPLEMENTATIONS = YES;
				CLANG_WARN_DIRECT_OBJC_ISA_USAGE = YES_ERROR;
				CLANG_WARN_DOCUMENTATION_COMMENTS = YES;
				CLANG_WARN_EMPTY_BODY = YES;
				CLANG_WARN_ENUM_CONVERSION = YES;
				CLANG_WARN_INFINITE_RECURSION = YES;
				CLANG_WARN_INT_CONVERSION = YES;
				CLANG_WARN_NON_LITERAL_NULL_CONVERSION = YES;
				CLANG_WARN_OBJC_IMPLICIT_RETAIN_SELF = YES;
				CLANG_WARN_OBJC_LITERAL_CONVERSION = YES;
				CLANG_WARN_OBJC_ROOT_CLASS = YES_ERROR;
				CLANG_WARN_QUOTED_INCLUDE_IN_FRAMEWORK_HEADER = YES;
				CLANG_WARN_RANGE_LOOP_ANALYSIS = YES;
				CLANG_WARN_STRICT_PROTOTYPES = YES;
				CLANG_WARN_SUSPICIOUS_MOVE = YES;
				CLANG_WARN_UNGUARDED_AVAILABILITY = YES_AGGRESSIVE;
				CLANG_WARN_UNREACHABLE_CODE = YES;
				CLANG_WARN__DUPLICATE_METHOD_MATCH = YES;
				COPY_PHASE_STRIP = NO;
				DEBUG_INFORMATION_FORMAT = "dwarf-with-dsym";
				ENABLE_NS_ASSERTIONS = NO;
				ENABLE_STRICT_OBJC_MSGSEND = YES;
				GCC_C_LANGUAGE_STANDARD = gnu11;
				GCC_NO_COMMON_BLOCKS = YES;
				GCC_WARN_64_TO_32_BIT_CONVERSION = YES;
				GCC_WARN_ABOUT_RETURN_TYPE = YES_ERROR;
				GCC_WARN_UNDECLARED_SELECTOR = YES;
				GCC_WARN_UNINITIALIZED_AUTOS = YES_AGGRESSIVE;
				GCC_WARN_UNUSED_FUNCTION = YES;
				GCC_WARN_UNUSED_VARIABLE = YES;
				IPHONEOS_DEPLOYMENT_TARGET = 14.4;
				MTL_ENABLE_DEBUG_INFO = NO;
				MTL_FAST_MATH = YES;
				SDKROOT = iphoneos;
				SWIFT_COMPILATION_MODE = wholemodule;
				SWIFT_OPTIMIZATION_LEVEL = "-O";
				VALIDATE_PRODUCT = YES;
			};
			name = Release;
		};
		0870A5DA25D41D6F00ADC81C /* Debug */ = {
			isa = XCBuildConfiguration;
			buildSettings = {
				ASSETCATALOG_COMPILER_APPICON_NAME = AppIcon;
				ASSETCATALOG_COMPILER_GLOBAL_ACCENT_COLOR_NAME = AccentColor;
				CODE_SIGN_STYLE = Automatic;
				DEVELOPMENT_TEAM = SBYMP3XVQ5;
				INFOPLIST_FILE = OnTheMap/Info.plist;
				LD_RUNPATH_SEARCH_PATHS = (
					"$(inherited)",
					"@executable_path/Frameworks",
				);
				PRODUCT_BUNDLE_IDENTIFIER = com.Xenosaur.Jeremy.OnTheMap;
				PRODUCT_NAME = "$(TARGET_NAME)";
				SWIFT_VERSION = 5.0;
				TARGETED_DEVICE_FAMILY = "1,2";
			};
			name = Debug;
		};
		0870A5DB25D41D6F00ADC81C /* Release */ = {
			isa = XCBuildConfiguration;
			buildSettings = {
				ASSETCATALOG_COMPILER_APPICON_NAME = AppIcon;
				ASSETCATALOG_COMPILER_GLOBAL_ACCENT_COLOR_NAME = AccentColor;
				CODE_SIGN_STYLE = Automatic;
				DEVELOPMENT_TEAM = SBYMP3XVQ5;
				INFOPLIST_FILE = OnTheMap/Info.plist;
				LD_RUNPATH_SEARCH_PATHS = (
					"$(inherited)",
					"@executable_path/Frameworks",
				);
				PRODUCT_BUNDLE_IDENTIFIER = com.Xenosaur.Jeremy.OnTheMap;
				PRODUCT_NAME = "$(TARGET_NAME)";
				SWIFT_VERSION = 5.0;
				TARGETED_DEVICE_FAMILY = "1,2";
			};
			name = Release;
		};
/* End XCBuildConfiguration section */

/* Begin XCConfigurationList section */
		0870A5C025D41D6B00ADC81C /* Build configuration list for PBXProject "OnTheMap" */ = {
			isa = XCConfigurationList;
			buildConfigurations = (
				0870A5D725D41D6F00ADC81C /* Debug */,
				0870A5D825D41D6F00ADC81C /* Release */,
			);
			defaultConfigurationIsVisible = 0;
			defaultConfigurationName = Release;
		};
		0870A5D925D41D6F00ADC81C /* Build configuration list for PBXNativeTarget "OnTheMap" */ = {
			isa = XCConfigurationList;
			buildConfigurations = (
				0870A5DA25D41D6F00ADC81C /* Debug */,
				0870A5DB25D41D6F00ADC81C /* Release */,
			);
			defaultConfigurationIsVisible = 0;
			defaultConfigurationName = Release;
		};
/* End XCConfigurationList section */
	};
	rootObject = 0870A5BD25D41D6B00ADC81C /* Project object */;
}
